Microsoft Visual Studio Solution File, Format Version 11.00
# Visual Studio 2008

Project("{E8B0F18E-B01E-8816-E5A1-BA746DCC27B6}") = "followPath", "Assembly-CSharp.csproj", "{ABD9E2EF-8149-37F5-3E0A-EF5BD987B65A}"
EndProject
Global
	GlobalSection(SolutionConfigurationPlatforms) = preSolution
		Debug|Any CPU = Debug|Any CPU
		Release|Any CPU = Release|Any CPU
	EndGlobalSection
	GlobalSection(ProjectConfigurationPlatforms) = postSolution
		{ABD9E2EF-8149-37F5-3E0A-EF5BD987B65A}.Debug|Any CPU.ActiveCfg = Debug|Any CPU
		{ABD9E2EF-8149-37F5-3E0A-EF5BD987B65A}.Debug|Any CPU.Build.0 = Debug|Any CPU
		{ABD9E2EF-8149-37F5-3E0A-EF5BD987B65A}.Release|Any CPU.ActiveCfg = Release|Any CPU
		{ABD9E2EF-8149-37F5-3E0A-EF5BD987B65A}.Release|Any CPU.Build.0 = Release|Any CPU
	EndGlobalSection
	GlobalSection(SolutionProperties) = preSolution
		HideSolutionNode = FALSE
	EndGlobalSection
	GlobalSection(MonoDevelopProperties) = preSolution
		StartupItem = Assembly-CSharp.csproj
	EndGlobalSection
EndGlobal
